
Microsoft Visual Studio Solution File, Format Version 12.00
# Visual Studio Version 17
VisualStudioVersion = 17.1.32210.238
MinimumVisualStudioVersion = 10.0.40219.1
Project("{FAE04EC0-301F-11D3-BF4B-00C04F79EFBC}") = "ScnViewer.GUI", "ScnViewer.GUI\ScnViewer.GUI.csproj", "{A940EA8F-266D-450B-96E6-B3B39215EDF9}"
EndProject
Project("{FAE04EC0-301F-11D3-BF4B-00C04F79EFBC}") = "ScnViewer", "ScnViewer\ScnViewer.csproj", "{6344D9F4-754E-4BA9-94A9-03E8EBC8FA61}"
EndProject
Project("{8BC9CEB8-8B4A-11D0-8D11-00A0C91BC942}") = "ScnParser", "ScnParser\PsbParser.vcxproj", "{ADD462B3-6963-4E92-98BE-21CB8839C862}"
EndProject
Project("{8BC9CEB8-8B4A-11D0-8D11-00A0C91BC942}") = "ScnParser.Console", "ScnParser.Console\PsbParser.Console.vcxproj", "{4693C8E5-3B75-45EA-B0BD-CADD1744844A}"
EndProject
Global
	GlobalSection(SolutionConfigurationPlatforms) = preSolution
		Debug|Any CPU = Debug|Any CPU
		Debug|x64 = Debug|x64
		Debug|x86 = Debug|x86
		Release|Any CPU = Release|Any CPU
		Release|x64 = Release|x64
		Release|x86 = Release|x86
	EndGlobalSection
	GlobalSection(ProjectConfigurationPlatforms) = postSolution
		{A940EA8F-266D-450B-96E6-B3B39215EDF9}.Debug|Any CPU.ActiveCfg = Debug|Any CPU
		{A940EA8F-266D-450B-96E6-B3B39215EDF9}.Debug|x64.ActiveCfg = Debug|Any CPU
		{A940EA8F-266D-450B-96E6-B3B39215EDF9}.Debug|x64.Build.0 = Debug|Any CPU
		{A940EA8F-266D-450B-96E6-B3B39215EDF9}.Debug|x86.ActiveCfg = Debug|Any CPU
		{A940EA8F-266D-450B-96E6-B3B39215EDF9}.Debug|x86.Build.0 = Debug|Any CPU
		{A940EA8F-266D-450B-96E6-B3B39215EDF9}.Release|Any CPU.ActiveCfg = Release|Any CPU
		{A940EA8F-266D-450B-96E6-B3B39215EDF9}.Release|Any CPU.Build.0 = Release|Any CPU
		{A940EA8F-266D-450B-96E6-B3B39215EDF9}.Release|x64.ActiveCfg = Release|Any CPU
		{A940EA8F-266D-450B-96E6-B3B39215EDF9}.Release|x64.Build.0 = Release|Any CPU
		{A940EA8F-266D-450B-96E6-B3B39215EDF9}.Release|x86.ActiveCfg = Release|Any CPU
		{6344D9F4-754E-4BA9-94A9-03E8EBC8FA61}.Debug|Any CPU.ActiveCfg = Debug|Any CPU
		{6344D9F4-754E-4BA9-94A9-03E8EBC8FA61}.Debug|x64.ActiveCfg = Debug|Any CPU
		{6344D9F4-754E-4BA9-94A9-03E8EBC8FA61}.Debug|x64.Build.0 = Debug|Any CPU
		{6344D9F4-754E-4BA9-94A9-03E8EBC8FA61}.Debug|x86.ActiveCfg = Debug|Any CPU
		{6344D9F4-754E-4BA9-94A9-03E8EBC8FA61}.Debug|x86.Build.0 = Debug|Any CPU
		{6344D9F4-754E-4BA9-94A9-03E8EBC8FA61}.Release|Any CPU.ActiveCfg = Release|Any CPU
		{6344D9F4-754E-4BA9-94A9-03E8EBC8FA61}.Release|Any CPU.Build.0 = Release|Any CPU
		{6344D9F4-754E-4BA9-94A9-03E8EBC8FA61}.Release|x64.ActiveCfg = Release|Any CPU
		{6344D9F4-754E-4BA9-94A9-03E8EBC8FA61}.Release|x64.Build.0 = Release|Any CPU
		{6344D9F4-754E-4BA9-94A9-03E8EBC8FA61}.Release|x86.ActiveCfg = Release|Any CPU
		{ADD462B3-6963-4E92-98BE-21CB8839C862}.Debug|Any CPU.ActiveCfg = Debug|Win32
		{ADD462B3-6963-4E92-98BE-21CB8839C862}.Debug|Any CPU.Build.0 = Debug|Win32
		{ADD462B3-6963-4E92-98BE-21CB8839C862}.Debug|x64.ActiveCfg = Debug|x64
		{ADD462B3-6963-4E92-98BE-21CB8839C862}.Debug|x64.Build.0 = Debug|x64
		{ADD462B3-6963-4E92-98BE-21CB8839C862}.Debug|x86.ActiveCfg = Debug|Win32
		{ADD462B3-6963-4E92-98BE-21CB8839C862}.Debug|x86.Build.0 = Debug|Win32
		{ADD462B3-6963-4E92-98BE-21CB8839C862}.Release|Any CPU.ActiveCfg = Release|x64
		{ADD462B3-6963-4E92-98BE-21CB8839C862}.Release|Any CPU.Build.0 = Release|x64
		{ADD462B3-6963-4E92-98BE-21CB8839C862}.Release|x64.ActiveCfg = Release|x64
		{ADD462B3-6963-4E92-98BE-21CB8839C862}.Release|x64.Build.0 = Release|x64
		{ADD462B3-6963-4E92-98BE-21CB8839C862}.Release|x86.ActiveCfg = Release|Win32
		{ADD462B3-6963-4E92-98BE-21CB8839C862}.Release|x86.Build.0 = Release|Win32
		{4693C8E5-3B75-45EA-B0BD-CADD1744844A}.Debug|Any CPU.ActiveCfg = Debug|Win32
		{4693C8E5-3B75-45EA-B0BD-CADD1744844A}.Debug|Any CPU.Build.0 = Debug|Win32
		{4693C8E5-3B75-45EA-B0BD-CADD1744844A}.Debug|x64.ActiveCfg = Debug|x64
		{4693C8E5-3B75-45EA-B0BD-CADD1744844A}.Debug|x64.Build.0 = Debug|x64
		{4693C8E5-3B75-45EA-B0BD-CADD1744844A}.Debug|x86.ActiveCfg = Debug|Win32
		{4693C8E5-3B75-45EA-B0BD-CADD1744844A}.Debug|x86.Build.0 = Debug|Win32
		{4693C8E5-3B75-45EA-B0BD-CADD1744844A}.Release|Any CPU.ActiveCfg = Release|x64
		{4693C8E5-3B75-45EA-B0BD-CADD1744844A}.Release|Any CPU.Build.0 = Release|x64
		{4693C8E5-3B75-45EA-B0BD-CADD1744844A}.Release|x64.ActiveCfg = Release|x64
		{4693C8E5-3B75-45EA-B0BD-CADD1744844A}.Release|x64.Build.0 = Release|x64
		{4693C8E5-3B75-45EA-B0BD-CADD1744844A}.Release|x86.ActiveCfg = Release|Win32
		{4693C8E5-3B75-45EA-B0BD-CADD1744844A}.Release|x86.Build.0 = Release|Win32
	EndGlobalSection
	GlobalSection(SolutionProperties) = preSolution
		HideSolutionNode = FALSE
	EndGlobalSection
	GlobalSection(ExtensibilityGlobals) = postSolution
		SolutionGuid = {197CC25B-129E-493C-8BCC-EC3CB255741B}
	EndGlobalSection
EndGlobal
